
Microsoft Visual Studio Solution File, Format Version 12.00
# Visual Studio 15
VisualStudioVersion = 15.0.28010.2003
MinimumVisualStudioVersion = 10.0.40219.1
Project("{FAE04EC0-301F-11D3-BF4B-00C04F79EFBC}") = "recursion1", "recursion1\recursion1.csproj", "{5D6DABB6-890C-4B01-B8DF-E059F5C7BA2C}"
EndProject
Global
	GlobalSection(SolutionConfigurationPlatforms) = preSolution
		Debug|Any CPU = Debug|Any CPU
		Release|Any CPU = Release|Any CPU
	EndGlobalSection
	GlobalSection(ProjectConfigurationPlatforms) = postSolution
		{5D6DABB6-890C-4B01-B8DF-E059F5C7BA2C}.Debug|Any CPU.ActiveCfg = Debug|Any CPU
		{5D6DABB6-890C-4B01-B8DF-E059F5C7BA2C}.Debug|Any CPU.Build.0 = Debug|Any CPU
		{5D6DABB6-890C-4B01-B8DF-E059F5C7BA2C}.Release|Any CPU.ActiveCfg = Release|Any CPU
		{5D6DABB6-890C-4B01-B8DF-E059F5C7BA2C}.Release|Any CPU.Build.0 = Release|Any CPU
	EndGlobalSection
	GlobalSection(SolutionProperties) = preSolution
		HideSolutionNode = FALSE
	EndGlobalSection
	GlobalSection(ExtensibilityGlobals) = postSolution
		SolutionGuid = {B87B26C9-07B9-4519-A224-D31A8A70F03B}
	EndGlobalSection
EndGlobal
